Microsoft Visual Studio Solution File, Format Version 12.00
# Visual Studio Version 17
VisualStudioVersion = 17.3.32929.385
MinimumVisualStudioVersion = 10.0.40219.1
Project("{FAE04EC0-301F-11D3-BF4B-00C04F79EFBC}") = "AssortedTweaks", "AssortedTweaks.csproj", "{D714A815-44B7-4272-8EE8-C24F3AEB56F1}"
EndProject
Global
	GlobalSection(SolutionConfigurationPlatforms) = preSolution
		Debug|Any CPU = Debug|Any CPU
		Release|Any CPU = Release|Any CPU
	EndGlobalSection
	GlobalSection(ProjectConfigurationPlatforms) = postSolution
		{D714A815-44B7-4272-8EE8-C24F3AEB56F1}.Debug|Any CPU.ActiveCfg = Debug|Any CPU
		{D714A815-44B7-4272-8EE8-C24F3AEB56F1}.Debug|Any CPU.Build.0 = Debug|Any CPU
		{D714A815-44B7-4272-8EE8-C24F3AEB56F1}.Release|Any CPU.ActiveCfg = Release|Any CPU
		{D714A815-44B7-4272-8EE8-C24F3AEB56F1}.Release|Any CPU.Build.0 = Release|Any CPU
	EndGlobalSection
	GlobalSection(SolutionProperties) = preSolution
		HideSolutionNode = FALSE
	EndGlobalSection
	GlobalSection(ExtensibilityGlobals) = postSolution
		SolutionGuid = {50D02817-7EA5-49BB-8F73-BB476E8826C1}
	EndGlobalSection
EndGlobal
